
Microsoft Visual Studio Solution File, Format Version 12.00
# Visual Studio Version 17
VisualStudioVersion = 17.2.32519.379
MinimumVisualStudioVersion = 10.0.40219.1
Project("{9A19103F-16F7-4668-BE54-9A1E7A4F7556}") = "DynamicSharding", "DynamicSharding\DynamicSharding.csproj", "{32E2B9D5-1E10-4A2A-8B8E-58C51F1F8DEA}"
EndProject
Global
	GlobalSection(SolutionConfigurationPlatforms) = preSolution
		Debug|Any CPU = Debug|Any CPU
		Release|Any CPU = Release|Any CPU
	EndGlobalSection
	GlobalSection(ProjectConfigurationPlatforms) = postSolution
		{32E2B9D5-1E10-4A2A-8B8E-58C51F1F8DEA}.Debug|Any CPU.ActiveCfg = Debug|Any CPU
		{32E2B9D5-1E10-4A2A-8B8E-58C51F1F8DEA}.Debug|Any CPU.Build.0 = Debug|Any CPU
		{32E2B9D5-1E10-4A2A-8B8E-58C51F1F8DEA}.Release|Any CPU.ActiveCfg = Release|Any CPU
		{32E2B9D5-1E10-4A2A-8B8E-58C51F1F8DEA}.Release|Any CPU.Build.0 = Release|Any CPU
	EndGlobalSection
	GlobalSection(SolutionProperties) = preSolution
		HideSolutionNode = FALSE
	EndGlobalSection
	GlobalSection(ExtensibilityGlobals) = postSolution
		SolutionGuid = {530B11C9-67C7-47DF-B1DB-E66D3081C05B}
	EndGlobalSection
EndGlobal
